
Microsoft Visual Studio Solution File, Format Version 12.00
# Visual Studio Version 17
VisualStudioVersion = 17.5.33530.505
MinimumVisualStudioVersion = 10.0.40219.1
Project("{FAE04EC0-301F-11D3-BF4B-00C04F79EFBC}") = "多项启动", "多项启动.csproj", "{8E870B75-D0F5-4558-8404-21B837A65403}"
EndProject
Global
	GlobalSection(SolutionConfigurationPlatforms) = preSolution
		Debug|Any CPU = Debug|Any CPU
		Release|Any CPU = Release|Any CPU
	EndGlobalSection
	GlobalSection(ProjectConfigurationPlatforms) = postSolution
		{8E870B75-D0F5-4558-8404-21B837A65403}.Debug|Any CPU.ActiveCfg = Debug|Any CPU
		{8E870B75-D0F5-4558-8404-21B837A65403}.Debug|Any CPU.Build.0 = Debug|Any CPU
		{8E870B75-D0F5-4558-8404-21B837A65403}.Release|Any CPU.ActiveCfg = Release|Any CPU
		{8E870B75-D0F5-4558-8404-21B837A65403}.Release|Any CPU.Build.0 = Release|Any CPU
	EndGlobalSection
	GlobalSection(SolutionProperties) = preSolution
		HideSolutionNode = FALSE
	EndGlobalSection
	GlobalSection(ExtensibilityGlobals) = postSolution
		SolutionGuid = {6D3E43B1-B6D1-4AC2-B203-5D97AFC539C2}
	EndGlobalSection
EndGlobal
